
Microsoft Visual Studio Solution File, Format Version 12.00
# Visual Studio Version 17
VisualStudioVersion = 17.6.33815.320
MinimumVisualStudioVersion = 10.0.40219.1
Project("{FAE04EC0-301F-11D3-BF4B-00C04F79EFBC}") = "Sales.Shared", "Sales.Shared\Sales.Shared.csproj", "{EE61D864-521F-4333-9477-E6ABA9F20811}"
EndProject
Project("{FAE04EC0-301F-11D3-BF4B-00C04F79EFBC}") = "Sales.API", "Sales.API\Sales.API.csproj", "{33641721-8251-4DED-988B-2E26C1008F5B}"
EndProject
Project("{FAE04EC0-301F-11D3-BF4B-00C04F79EFBC}") = "Sales.Web", "Sales.Web\Sales.Web.csproj", "{23DEDEE1-2035-4A11-85C9-1E73B37674A0}"
EndProject
Global
	GlobalSection(SolutionConfigurationPlatforms) = preSolution
		Debug|Any CPU = Debug|Any CPU
		Release|Any CPU = Release|Any CPU
	EndGlobalSection
	GlobalSection(ProjectConfigurationPlatforms) = postSolution
		{EE61D864-521F-4333-9477-E6ABA9F20811}.Debug|Any CPU.ActiveCfg = Debug|Any CPU
		{EE61D864-521F-4333-9477-E6ABA9F20811}.Debug|Any CPU.Build.0 = Debug|Any CPU
		{EE61D864-521F-4333-9477-E6ABA9F20811}.Release|Any CPU.ActiveCfg = Release|Any CPU
		{EE61D864-521F-4333-9477-E6ABA9F20811}.Release|Any CPU.Build.0 = Release|Any CPU
		{33641721-8251-4DED-988B-2E26C1008F5B}.Debug|Any CPU.ActiveCfg = Debug|Any CPU
		{33641721-8251-4DED-988B-2E26C1008F5B}.Debug|Any CPU.Build.0 = Debug|Any CPU
		{33641721-8251-4DED-988B-2E26C1008F5B}.Release|Any CPU.ActiveCfg = Release|Any CPU
		{33641721-8251-4DED-988B-2E26C1008F5B}.Release|Any CPU.Build.0 = Release|Any CPU
		{23DEDEE1-2035-4A11-85C9-1E73B37674A0}.Debug|Any CPU.ActiveCfg = Debug|Any CPU
		{23DEDEE1-2035-4A11-85C9-1E73B37674A0}.Debug|Any CPU.Build.0 = Debug|Any CPU
		{23DEDEE1-2035-4A11-85C9-1E73B37674A0}.Release|Any CPU.ActiveCfg = Release|Any CPU
		{23DEDEE1-2035-4A11-85C9-1E73B37674A0}.Release|Any CPU.Build.0 = Release|Any CPU
	EndGlobalSection
	GlobalSection(SolutionProperties) = preSolution
		HideSolutionNode = FALSE
	EndGlobalSection
	GlobalSection(ExtensibilityGlobals) = postSolution
		SolutionGuid = {BA68E326-1266-4DB2-BB18-F95D9F785B95}
	EndGlobalSection
EndGlobal
